
Microsoft Visual Studio Solution File, Format Version 12.00
# Visual Studio Version 17
VisualStudioVersion = 17.11.35327.3
MinimumVisualStudioVersion = 10.0.40219.1
Project("{9A19103F-16F7-4668-BE54-9A1E7A4F7556}") = "NicknameGenerator", "NicknameGenerator\NicknameGenerator.csproj", "{8089B30C-6E2D-4195-AB4D-FEE96780AB77}"
EndProject
Project("{9A19103F-16F7-4668-BE54-9A1E7A4F7556}") = "NicknameGeneratorTests", "NicknameGeneratorTests\NicknameGeneratorTests.csproj", "{9D7F0885-B7AA-40A3-8142-7190BF161E26}"
EndProject
Project("{FAE04EC0-301F-11D3-BF4B-00C04F79EFBC}") = "NoIfsNoButs", "NoIfsNoButs\NoIfsNoButs.csproj", "{A4FEAC2A-C583-4730-8B96-F511DBBA0633}"
EndProject
Project("{FAE04EC0-301F-11D3-BF4B-00C04F79EFBC}") = "NoIfsNoButsTests", "NoIfsNoButsTests\NoIfsNoButsTests.csproj", "{81DF2DB7-3C1D-41BB-B43A-2BA293AE9F73}"
EndProject
Global
	GlobalSection(SolutionConfigurationPlatforms) = preSolution
		Debug|Any CPU = Debug|Any CPU
		Release|Any CPU = Release|Any CPU
	EndGlobalSection
	GlobalSection(ProjectConfigurationPlatforms) = postSolution
		{8089B30C-6E2D-4195-AB4D-FEE96780AB77}.Debug|Any CPU.ActiveCfg = Debug|Any CPU
		{8089B30C-6E2D-4195-AB4D-FEE96780AB77}.Debug|Any CPU.Build.0 = Debug|Any CPU
		{8089B30C-6E2D-4195-AB4D-FEE96780AB77}.Release|Any CPU.ActiveCfg = Release|Any CPU
		{8089B30C-6E2D-4195-AB4D-FEE96780AB77}.Release|Any CPU.Build.0 = Release|Any CPU
		{9D7F0885-B7AA-40A3-8142-7190BF161E26}.Debug|Any CPU.ActiveCfg = Debug|Any CPU
		{9D7F0885-B7AA-40A3-8142-7190BF161E26}.Debug|Any CPU.Build.0 = Debug|Any CPU
		{9D7F0885-B7AA-40A3-8142-7190BF161E26}.Release|Any CPU.ActiveCfg = Release|Any CPU
		{9D7F0885-B7AA-40A3-8142-7190BF161E26}.Release|Any CPU.Build.0 = Release|Any CPU
		{A4FEAC2A-C583-4730-8B96-F511DBBA0633}.Debug|Any CPU.ActiveCfg = Debug|Any CPU
		{A4FEAC2A-C583-4730-8B96-F511DBBA0633}.Debug|Any CPU.Build.0 = Debug|Any CPU
		{A4FEAC2A-C583-4730-8B96-F511DBBA0633}.Release|Any CPU.ActiveCfg = Release|Any CPU
		{A4FEAC2A-C583-4730-8B96-F511DBBA0633}.Release|Any CPU.Build.0 = Release|Any CPU
		{81DF2DB7-3C1D-41BB-B43A-2BA293AE9F73}.Debug|Any CPU.ActiveCfg = Debug|Any CPU
		{81DF2DB7-3C1D-41BB-B43A-2BA293AE9F73}.Debug|Any CPU.Build.0 = Debug|Any CPU
		{81DF2DB7-3C1D-41BB-B43A-2BA293AE9F73}.Release|Any CPU.ActiveCfg = Release|Any CPU
		{81DF2DB7-3C1D-41BB-B43A-2BA293AE9F73}.Release|Any CPU.Build.0 = Release|Any CPU
	EndGlobalSection
	GlobalSection(SolutionProperties) = preSolution
		HideSolutionNode = FALSE
	EndGlobalSection
	GlobalSection(ExtensibilityGlobals) = postSolution
		SolutionGuid = {98515AFB-1C83-4ACE-BA28-265EFBEC5E93}
	EndGlobalSection
EndGlobal
